
Microsoft Visual Studio Solution File, Format Version 12.00
# Visual Studio Version 16
VisualStudioVersion = 16.0.31911.196
MinimumVisualStudioVersion = 10.0.40219.1
Project("{FAE04EC0-301F-11D3-BF4B-00C04F79EFBC}") = "HackathonApplication", "HackathonApplication\HackathonApplication.csproj", "{80C024C7-3C96-4858-8540-D906F8BF8EC2}"
EndProject
Project("{FAE04EC0-301F-11D3-BF4B-00C04F79EFBC}") = "MyLibrary", "MyLibrary\MyLibrary.csproj", "{96335A93-8501-411A-B948-CA6441B1839D}"
EndProject
Global
	GlobalSection(SolutionConfigurationPlatforms) = preSolution
		Debug|Any CPU = Debug|Any CPU
		Release|Any CPU = Release|Any CPU
	EndGlobalSection
	GlobalSection(ProjectConfigurationPlatforms) = postSolution
		{80C024C7-3C96-4858-8540-D906F8BF8EC2}.Debug|Any CPU.ActiveCfg = Debug|Any CPU
		{80C024C7-3C96-4858-8540-D906F8BF8EC2}.Debug|Any CPU.Build.0 = Debug|Any CPU
		{80C024C7-3C96-4858-8540-D906F8BF8EC2}.Release|Any CPU.ActiveCfg = Release|Any CPU
		{80C024C7-3C96-4858-8540-D906F8BF8EC2}.Release|Any CPU.Build.0 = Release|Any CPU
		{96335A93-8501-411A-B948-CA6441B1839D}.Debug|Any CPU.ActiveCfg = Debug|Any CPU
		{96335A93-8501-411A-B948-CA6441B1839D}.Debug|Any CPU.Build.0 = Debug|Any CPU
		{96335A93-8501-411A-B948-CA6441B1839D}.Release|Any CPU.ActiveCfg = Release|Any CPU
		{96335A93-8501-411A-B948-CA6441B1839D}.Release|Any CPU.Build.0 = Release|Any CPU
	EndGlobalSection
	GlobalSection(SolutionProperties) = preSolution
		HideSolutionNode = FALSE
	EndGlobalSection
	GlobalSection(ExtensibilityGlobals) = postSolution
		SolutionGuid = {36BAE43E-988D-479E-BDA8-4A6731B24486}
	EndGlobalSection
EndGlobal
